
Microsoft Visual Studio Solution File, Format Version 12.00
Project("{FAE04EC0-301F-11D3-BF4B-00C04F79EFBC}") = "TestDocs", "TestDocs\TestDocs.csproj", "{72756034-914B-422D-AA18-F1F2229D15BF}"
EndProject
Project("{FAE04EC0-301F-11D3-BF4B-00C04F79EFBC}") = "FirstProject", "FirstProject\FirstProject.csproj", "{B68D58E8-9FCA-42A9-823A-19D70E686E31}"
EndProject
Project("{FAE04EC0-301F-11D3-BF4B-00C04F79EFBC}") = "SecondProject", "SecondProject\SecondProject.csproj", "{0082CD1F-5429-4034-A84D-0312DE784842}"
EndProject
Global
	GlobalSection(SolutionConfigurationPlatforms) = preSolution
		Debug|Any CPU = Debug|Any CPU
		Release|Any CPU = Release|Any CPU
	EndGlobalSection
	GlobalSection(ProjectConfigurationPlatforms) = postSolution
		{72756034-914B-422D-AA18-F1F2229D15BF}.Debug|Any CPU.ActiveCfg = Debug|Any CPU
		{72756034-914B-422D-AA18-F1F2229D15BF}.Debug|Any CPU.Build.0 = Debug|Any CPU
		{72756034-914B-422D-AA18-F1F2229D15BF}.Release|Any CPU.ActiveCfg = Release|Any CPU
		{72756034-914B-422D-AA18-F1F2229D15BF}.Release|Any CPU.Build.0 = Release|Any CPU
		{B68D58E8-9FCA-42A9-823A-19D70E686E31}.Debug|Any CPU.ActiveCfg = Debug|Any CPU
		{B68D58E8-9FCA-42A9-823A-19D70E686E31}.Debug|Any CPU.Build.0 = Debug|Any CPU
		{B68D58E8-9FCA-42A9-823A-19D70E686E31}.Release|Any CPU.ActiveCfg = Release|Any CPU
		{B68D58E8-9FCA-42A9-823A-19D70E686E31}.Release|Any CPU.Build.0 = Release|Any CPU
		{0082CD1F-5429-4034-A84D-0312DE784842}.Debug|Any CPU.ActiveCfg = Debug|Any CPU
		{0082CD1F-5429-4034-A84D-0312DE784842}.Debug|Any CPU.Build.0 = Debug|Any CPU
		{0082CD1F-5429-4034-A84D-0312DE784842}.Release|Any CPU.ActiveCfg = Release|Any CPU
		{0082CD1F-5429-4034-A84D-0312DE784842}.Release|Any CPU.Build.0 = Release|Any CPU
	EndGlobalSection
EndGlobal
