
Microsoft Visual Studio Solution File, Format Version 12.00
Project("{FAE04EC0-301F-11D3-BF4B-00C04F79EFBC}") = "TestDocs", "TestDocs\TestDocs.csproj", "{72756034-914B-422D-AA18-F1F2229D15BF}"
EndProject
Global
	GlobalSection(SolutionConfigurationPlatforms) = preSolution
		Debug|Any CPU = Debug|Any CPU
		Release|Any CPU = Release|Any CPU
	EndGlobalSection
	GlobalSection(ProjectConfigurationPlatforms) = postSolution
		{72756034-914B-422D-AA18-F1F2229D15BF}.Debug|Any CPU.ActiveCfg = Debug|Any CPU
		{72756034-914B-422D-AA18-F1F2229D15BF}.Debug|Any CPU.Build.0 = Debug|Any CPU
		{72756034-914B-422D-AA18-F1F2229D15BF}.Release|Any CPU.ActiveCfg = Release|Any CPU
		{72756034-914B-422D-AA18-F1F2229D15BF}.Release|Any CPU.Build.0 = Release|Any CPU
	EndGlobalSection
EndGlobal
